{
  "name": "zkteco",
  "version": "1.0.0",
  "lockfileVersion": 2,
  "requires": true,
  "packages": {
    "": {
      "name": "zkteco",
      "version": "1.0.0",
      "license": "ISC",
      "dependencies": {
        "node-zklib": "^1.3.0",
        "qr-zklib": "^1.0.3",
        "zk-jubaer": "^2.0.5"
      }
    },
    "node_modules/node-zklib": {
      "version": "1.3.0",
      "resolved": "https://registry.npmjs.org/node-zklib/-/node-zklib-1.3.0.tgz",
      "integrity": "sha512-eqsg2oMKx/Jsju3PQzCennW94NUNw3YsUbXidzOzNWWOwnW/dXePIXIjhmMBpZ3QSLiltEn7Z0Gi0htZQBWBAw==",
      "dependencies": {
        "node-zklib": "^1.0.0"
      }
    },
    "node_modules/qr-zklib": {
      "version": "1.0.3",
      "resolved": "https://registry.npmjs.org/qr-zklib/-/qr-zklib-1.0.3.tgz",
      "integrity": "sha512-p40diYM//Tr/xFtz+yvMvOIevpuHH73QjCGocETcVbqMb2+Nc4PU4v1Od/p6p07zK8d8WVBHQ627VLEC9KuyAQ==",
      "dependencies": {
        "qr-zklib": "^1.0.0"
      }
    },
    "node_modules/zk-jubaer": {
      "version": "2.0.5",
      "resolved": "https://registry.npmjs.org/zk-jubaer/-/zk-jubaer-2.0.5.tgz",
      "integrity": "sha512-k0yv1NYDP9DnKScd6SLlXsS7cpSzMl3NHaF8Muz2qZ5kj1h6PfgBgO8ey4aZ0BnYnU4njh/kSbu44/83YZXGww=="
    }
  },
  "dependencies": {
    "node-zklib": {
      "version": "1.3.0",
      "resolved": "https://registry.npmjs.org/node-zklib/-/node-zklib-1.3.0.tgz",
      "integrity": "sha512-eqsg2oMKx/Jsju3PQzCennW94NUNw3YsUbXidzOzNWWOwnW/dXePIXIjhmMBpZ3QSLiltEn7Z0Gi0htZQBWBAw==",
      "requires": {
        "node-zklib": "^1.0.0"
      }
    },
    "qr-zklib": {
      "version": "1.0.3",
      "resolved": "https://registry.npmjs.org/qr-zklib/-/qr-zklib-1.0.3.tgz",
      "integrity": "sha512-p40diYM//Tr/xFtz+yvMvOIevpuHH73QjCGocETcVbqMb2+Nc4PU4v1Od/p6p07zK8d8WVBHQ627VLEC9KuyAQ==",
      "requires": {
        "qr-zklib": "^1.0.0"
      }
    },
    "zk-jubaer": {
      "version": "2.0.5",
      "resolved": "https://registry.npmjs.org/zk-jubaer/-/zk-jubaer-2.0.5.tgz",
      "integrity": "sha512-k0yv1NYDP9DnKScd6SLlXsS7cpSzMl3NHaF8Muz2qZ5kj1h6PfgBgO8ey4aZ0BnYnU4njh/kSbu44/83YZXGww=="
    }
  }
}
